
Microsoft Visual Studio Solution File, Format Version 12.00
# Visual Studio 15
VisualStudioVersion = 15.0.26228.4
MinimumVisualStudioVersion = 10.0.40219.1
Project("{9A19103F-16F7-4668-BE54-9A1E7A4F7556}") = "SampleWorker", "SampleWorker\SampleWorker.csproj", "{08A95EC5-516C-49BF-99C8-34944A2D1A77}"
EndProject
Project("{9A19103F-16F7-4668-BE54-9A1E7A4F7556}") = "SampleJob", "SampleJob\SampleJob.csproj", "{FBB5EB8A-478C-424D-B574-50CACFDCA83C}"
EndProject
Project("{9A19103F-16F7-4668-BE54-9A1E7A4F7556}") = "Nebula", "nebula\Nebula.csproj", "{7BFE7509-1228-4908-ADB2-B440B554E56B}"
EndProject
Project("{FAE04EC0-301F-11D3-BF4B-00C04F79EFBC}") = "Test", "Test\Test.csproj", "{5F8D3575-DCB6-4EBE-BD07-D220232714A9}"
EndProject
Global
	GlobalSection(SolutionConfigurationPlatforms) = preSolution
		Debug|Any CPU = Debug|Any CPU
		Release|Any CPU = Release|Any CPU
	EndGlobalSection
	GlobalSection(ProjectConfigurationPlatforms) = postSolution
		{08A95EC5-516C-49BF-99C8-34944A2D1A77}.Debug|Any CPU.ActiveCfg = Debug|Any CPU
		{08A95EC5-516C-49BF-99C8-34944A2D1A77}.Debug|Any CPU.Build.0 = Debug|Any CPU
		{08A95EC5-516C-49BF-99C8-34944A2D1A77}.Release|Any CPU.ActiveCfg = Release|Any CPU
		{08A95EC5-516C-49BF-99C8-34944A2D1A77}.Release|Any CPU.Build.0 = Release|Any CPU
		{FBB5EB8A-478C-424D-B574-50CACFDCA83C}.Debug|Any CPU.ActiveCfg = Debug|Any CPU
		{FBB5EB8A-478C-424D-B574-50CACFDCA83C}.Debug|Any CPU.Build.0 = Debug|Any CPU
		{FBB5EB8A-478C-424D-B574-50CACFDCA83C}.Release|Any CPU.ActiveCfg = Release|Any CPU
		{FBB5EB8A-478C-424D-B574-50CACFDCA83C}.Release|Any CPU.Build.0 = Release|Any CPU
		{7BFE7509-1228-4908-ADB2-B440B554E56B}.Debug|Any CPU.ActiveCfg = Debug|Any CPU
		{7BFE7509-1228-4908-ADB2-B440B554E56B}.Debug|Any CPU.Build.0 = Debug|Any CPU
		{7BFE7509-1228-4908-ADB2-B440B554E56B}.Release|Any CPU.ActiveCfg = Release|Any CPU
		{7BFE7509-1228-4908-ADB2-B440B554E56B}.Release|Any CPU.Build.0 = Release|Any CPU
		{5F8D3575-DCB6-4EBE-BD07-D220232714A9}.Debug|Any CPU.ActiveCfg = Debug|Any CPU
		{5F8D3575-DCB6-4EBE-BD07-D220232714A9}.Debug|Any CPU.Build.0 = Debug|Any CPU
		{5F8D3575-DCB6-4EBE-BD07-D220232714A9}.Release|Any CPU.ActiveCfg = Release|Any CPU
		{5F8D3575-DCB6-4EBE-BD07-D220232714A9}.Release|Any CPU.Build.0 = Release|Any CPU
	EndGlobalSection
	GlobalSection(SolutionProperties) = preSolution
		HideSolutionNode = FALSE
	EndGlobalSection
	GlobalSection(ExtensibilityGlobals) = postSolution
		SolutionGuid = {20B5F790-4548-4B09-BD48-4D39C9779B5B}
	EndGlobalSection
EndGlobal
